
Microsoft Visual Studio Solution File, Format Version 12.00
# Visual Studio Version 17
VisualStudioVersion = 17.14.36202.13
MinimumVisualStudioVersion = 10.0.40219.1
Project("{FAE04EC0-301F-11D3-BF4B-00C04F79EFBC}") = "IntroductionToBlazor", "IntroductionToBlazor\IntroductionToBlazor.csproj", "{E8DE95A4-3BB4-4A51-98FB-6D0198BEA0F3}"
EndProject
Project("{FAE04EC0-301F-11D3-BF4B-00C04F79EFBC}") = "TODOlist", "TODOlist\TODOlist.csproj", "{4B1A084C-EC17-41DC-A68A-29D4879EDD53}"
EndProject
Project("{FAE04EC0-301F-11D3-BF4B-00C04F79EFBC}") = "Movies", "Movies\Movies.csproj", "{1743F23C-F79E-4AEC-829B-7D173A32BA79}"
EndProject
Project("{FAE04EC0-301F-11D3-BF4B-00C04F79EFBC}") = "Academy", "Academy\Academy.csproj", "{EEB82570-9087-4781-8B24-D4D4D733D000}"
EndProject
Global
	GlobalSection(SolutionConfigurationPlatforms) = preSolution
		Debug|Any CPU = Debug|Any CPU
		Release|Any CPU = Release|Any CPU
	EndGlobalSection
	GlobalSection(ProjectConfigurationPlatforms) = postSolution
		{E8DE95A4-3BB4-4A51-98FB-6D0198BEA0F3}.Debug|Any CPU.ActiveCfg = Debug|Any CPU
		{E8DE95A4-3BB4-4A51-98FB-6D0198BEA0F3}.Debug|Any CPU.Build.0 = Debug|Any CPU
		{E8DE95A4-3BB4-4A51-98FB-6D0198BEA0F3}.Release|Any CPU.ActiveCfg = Release|Any CPU
		{E8DE95A4-3BB4-4A51-98FB-6D0198BEA0F3}.Release|Any CPU.Build.0 = Release|Any CPU
		{4B1A084C-EC17-41DC-A68A-29D4879EDD53}.Debug|Any CPU.ActiveCfg = Debug|Any CPU
		{4B1A084C-EC17-41DC-A68A-29D4879EDD53}.Debug|Any CPU.Build.0 = Debug|Any CPU
		{4B1A084C-EC17-41DC-A68A-29D4879EDD53}.Release|Any CPU.ActiveCfg = Release|Any CPU
		{4B1A084C-EC17-41DC-A68A-29D4879EDD53}.Release|Any CPU.Build.0 = Release|Any CPU
		{1743F23C-F79E-4AEC-829B-7D173A32BA79}.Debug|Any CPU.ActiveCfg = Debug|Any CPU
		{1743F23C-F79E-4AEC-829B-7D173A32BA79}.Debug|Any CPU.Build.0 = Debug|Any CPU
		{1743F23C-F79E-4AEC-829B-7D173A32BA79}.Release|Any CPU.ActiveCfg = Release|Any CPU
		{1743F23C-F79E-4AEC-829B-7D173A32BA79}.Release|Any CPU.Build.0 = Release|Any CPU
		{EEB82570-9087-4781-8B24-D4D4D733D000}.Debug|Any CPU.ActiveCfg = Debug|Any CPU
		{EEB82570-9087-4781-8B24-D4D4D733D000}.Debug|Any CPU.Build.0 = Debug|Any CPU
		{EEB82570-9087-4781-8B24-D4D4D733D000}.Release|Any CPU.ActiveCfg = Release|Any CPU
		{EEB82570-9087-4781-8B24-D4D4D733D000}.Release|Any CPU.Build.0 = Release|Any CPU
	EndGlobalSection
	GlobalSection(SolutionProperties) = preSolution
		HideSolutionNode = FALSE
	EndGlobalSection
	GlobalSection(ExtensibilityGlobals) = postSolution
		SolutionGuid = {D44960BE-859D-4A9E-B744-70105D956679}
	EndGlobalSection
EndGlobal
